
Microsoft Visual Studio Solution File, Format Version 12.00
# Visual Studio 15
VisualStudioVersion = 15.0.27004.2009
MinimumVisualStudioVersion = 10.0.40219.1
Project("{FAE04EC0-301F-11D3-BF4B-00C04F79EFBC}") = "Thorium.Extensions.String", "Thorium.Extensions.String.csproj", "{C3980A26-E25D-4C61-90EB-3E49BA565F69}"
EndProject
Global
	GlobalSection(SolutionConfigurationPlatforms) = preSolution
		Debug|Any CPU = Debug|Any CPU
		Release|Any CPU = Release|Any CPU
	EndGlobalSection
	GlobalSection(ProjectConfigurationPlatforms) = postSolution
		{C3980A26-E25D-4C61-90EB-3E49BA565F69}.Debug|Any CPU.ActiveCfg = Debug|Any CPU
		{C3980A26-E25D-4C61-90EB-3E49BA565F69}.Debug|Any CPU.Build.0 = Debug|Any CPU
		{C3980A26-E25D-4C61-90EB-3E49BA565F69}.Release|Any CPU.ActiveCfg = Release|Any CPU
		{C3980A26-E25D-4C61-90EB-3E49BA565F69}.Release|Any CPU.Build.0 = Release|Any CPU
	EndGlobalSection
	GlobalSection(SolutionProperties) = preSolution
		HideSolutionNode = FALSE
	EndGlobalSection
	GlobalSection(ExtensibilityGlobals) = postSolution
		SolutionGuid = {F039A688-D96A-42EC-839E-8FE555CF89F0}
	EndGlobalSection
EndGlobal
